// !$*UTF8*$!
{
	archiveVersion = 1;
	classes = {
	};
	objectVersion = 56;
	objects = {

/* Begin PBXBuildFile section */
		B33301F52AD00D4E00F29F94 /* AppDelegate.swift in Sources */ = {isa = PBXBuildFile; fileRef = B33301F42AD00D4E00F29F94 /* AppDelegate.swift */; };
		B33301F72AD00D4E00F29F94 /* SceneDelegate.swift in Sources */ = {isa = PBXBuildFile; fileRef = B33301F62AD00D4E00F29F94 /* SceneDelegate.swift */; };
		B33301F92AD00D4E00F29F94 /* ImagesListViewController.swift in Sources */ = {isa = PBXBuildFile; fileRef = B33301F82AD00D4E00F29F94 /* ImagesListViewController.swift */; };
		B33301FC2AD00D4E00F29F94 /* Main.storyboard in Resources */ = {isa = PBXBuildFile; fileRef = B33301FA2AD00D4E00F29F94 /* Main.storyboard */; };
		B33301FE2AD00D4F00F29F94 /* Assets.xcassets in Resources */ = {isa = PBXBuildFile; fileRef = B33301FD2AD00D4F00F29F94 /* Assets.xcassets */; };
		B33302012AD00D4F00F29F94 /* LaunchScreen.storyboard in Resources */ = {isa = PBXBuildFile; fileRef = B33301FF2AD00D4F00F29F94 /* LaunchScreen.storyboard */; };
		B333020C2AD00D5000F29F94 /* ImageFeedTests.swift in Sources */ = {isa = PBXBuildFile; fileRef = B333020B2AD00D5000F29F94 /* ImageFeedTests.swift */; };
		B33302162AD00D5000F29F94 /* ImageFeedUITests.swift in Sources */ = {isa = PBXBuildFile; fileRef = B33302152AD00D5000F29F94 /* ImageFeedUITests.swift */; };
		B33302182AD00D5000F29F94 /* ImageFeedUITestsLaunchTests.swift in Sources */ = {isa = PBXBuildFile; fileRef = B33302172AD00D5000F29F94 /* ImageFeedUITestsLaunchTests.swift */; };
		B341A2792AD958DD008B55D1 /* ImagesListCell.swift in Sources */ = {isa = PBXBuildFile; fileRef = B341A2782AD958DD008B55D1 /* ImagesListCell.swift */; };
		B34549152AE7C59700CC7C85 /* SingleImageViewController.swift in Sources */ = {isa = PBXBuildFile; fileRef = B34549142AE7C59700CC7C85 /* SingleImageViewController.swift */; };
		B36A15922AE292B000FFB7B3 /* ProfileViewController.swift in Sources */ = {isa = PBXBuildFile; fileRef = B36A15912AE292B000FFB7B3 /* ProfileViewController.swift */; };
		B39081582ADD56530045A42A /* Date+Extensions.swift in Sources */ = {isa = PBXBuildFile; fileRef = B39081572ADD56530045A42A /* Date+Extensions.swift */; };
		B397A4272AD422B1002EC05D /* UIColor+Extensions.swift in Sources */ = {isa = PBXBuildFile; fileRef = B397A4262AD422B1002EC05D /* UIColor+Extensions.swift */; };
/* End PBXBuildFile section */

/* Begin PBXContainerItemProxy section */
		B33302082AD00D5000F29F94 /* PBXContainerItemProxy */ = {
			isa = PBXContainerItemProxy;
			containerPortal = B33301E92AD00D4E00F29F94 /* Project object */;
			proxyType = 1;
			remoteGlobalIDString = B33301F02AD00D4E00F29F94;
			remoteInfo = ImageFeed;
		};
		B33302122AD00D5000F29F94 /* PBXContainerItemProxy */ = {
			isa = PBXContainerItemProxy;
			containerPortal = B33301E92AD00D4E00F29F94 /* Project object */;
			proxyType = 1;
			remoteGlobalIDString = B33301F02AD00D4E00F29F94;
			remoteInfo = ImageFeed;
		};
/* End PBXContainerItemProxy section */

/* Begin PBXFileReference section */
		B33301F12AD00D4E00F29F94 /* ImageFeed.app */ = {isa = PBXFileReference; explicitFileType = wrapper.application; includeInIndex = 0; path = ImageFeed.app; sourceTree = BUILT_PRODUCTS_DIR; };
		B33301F42AD00D4E00F29F94 /* AppDelegate.swift */ = {isa = PBXFileReference; lastKnownFileType = sourcecode.swift; path = AppDelegate.swift; sourceTree = "<group>"; };
		B33301F62AD00D4E00F29F94 /* SceneDelegate.swift */ = {isa = PBXFileReference; lastKnownFileType = sourcecode.swift; path = SceneDelegate.swift; sourceTree = "<group>"; };
		B33301F82AD00D4E00F29F94 /* ImagesListViewController.swift */ = {isa = PBXFileReference; lastKnownFileType = sourcecode.swift; path = ImagesListViewController.swift; sourceTree = "<group>"; };
		B33301FB2AD00D4E00F29F94 /* Base */ = {isa = PBXFileReference; lastKnownFileType = file.storyboard; name = Base; path = Base.lproj/Main.storyboard; sourceTree = "<group>"; };
		B33301FD2AD00D4F00F29F94 /* Assets.xcassets */ = {isa = PBXFileReference; lastKnownFileType = folder.assetcatalog; path = Assets.xcassets; sourceTree = "<group>"; };
		B33302002AD00D4F00F29F94 /* Base */ = {isa = PBXFileReference; lastKnownFileType = file.storyboard; name = Base; path = Base.lproj/LaunchScreen.storyboard; sourceTree = "<group>"; };
		B33302022AD00D4F00F29F94 /* Info.plist */ = {isa = PBXFileReference; lastKnownFileType = text.plist.xml; path = Info.plist; sourceTree = "<group>"; };
		B33302072AD00D5000F29F94 /* ImageFeedTests.xctest */ = {isa = PBXFileReference; explicitFileType = wrapper.cfbundle; includeInIndex = 0; path = ImageFeedTests.xctest; sourceTree = BUILT_PRODUCTS_DIR; };
		B333020B2AD00D5000F29F94 /* ImageFeedTests.swift */ = {isa = PBXFileReference; lastKnownFileType = sourcecode.swift; path = ImageFeedTests.swift; sourceTree = "<group>"; };
		B33302112AD00D5000F29F94 /* ImageFeedUITests.xctest */ = {isa = PBXFileReference; explicitFileType = wrapper.cfbundle; includeInIndex = 0; path = ImageFeedUITests.xctest; sourceTree = BUILT_PRODUCTS_DIR; };
		B33302152AD00D5000F29F94 /* ImageFeedUITests.swift */ = {isa = PBXFileReference; lastKnownFileType = sourcecode.swift; path = ImageFeedUITests.swift; sourceTree = "<group>"; };
		B33302172AD00D5000F29F94 /* ImageFeedUITestsLaunchTests.swift */ = {isa = PBXFileReference; lastKnownFileType = sourcecode.swift; path = ImageFeedUITestsLaunchTests.swift; sourceTree = "<group>"; };
		B341A2782AD958DD008B55D1 /* ImagesListCell.swift */ = {isa = PBXFileReference; lastKnownFileType = sourcecode.swift; path = ImagesListCell.swift; sourceTree = "<group>"; };
		B34549142AE7C59700CC7C85 /* SingleImageViewController.swift */ = {isa = PBXFileReference; lastKnownFileType = sourcecode.swift; path = SingleImageViewController.swift; sourceTree = "<group>"; };
		B36A15912AE292B000FFB7B3 /* ProfileViewController.swift */ = {isa = PBXFileReference; lastKnownFileType = sourcecode.swift; path = ProfileViewController.swift; sourceTree = "<group>"; };
		B39081572ADD56530045A42A /* Date+Extensions.swift */ = {isa = PBXFileReference; lastKnownFileType = sourcecode.swift; path = "Date+Extensions.swift"; sourceTree = "<group>"; };
		B397A4262AD422B1002EC05D /* UIColor+Extensions.swift */ = {isa = PBXFileReference; lastKnownFileType = sourcecode.swift; path = "UIColor+Extensions.swift"; sourceTree = "<group>"; };
/* End PBXFileReference section */

/* Begin PBXFrameworksBuildPhase section */
		B33301EE2AD00D4E00F29F94 /* Frameworks */ = {
			isa = PBXFrameworksBuildPhase;
			buildActionMask = 2147483647;
			files = (
			);
			runOnlyForDeploymentPostprocessing = 0;
		};
		B33302042AD00D5000F29F94 /* Frameworks */ = {
			isa = PBXFrameworksBuildPhase;
			buildActionMask = 2147483647;
			files = (
			);
			runOnlyForDeploymentPostprocessing = 0;
		};
		B333020E2AD00D5000F29F94 /* Frameworks */ = {
			isa = PBXFrameworksBuildPhase;
			buildActionMask = 2147483647;
			files = (
			);
			runOnlyForDeploymentPostprocessing = 0;
		};
/* End PBXFrameworksBuildPhase section */

/* Begin PBXGroup section */
		B33301E82AD00D4E00F29F94 = {
			isa = PBXGroup;
			children = (
				B33301F32AD00D4E00F29F94 /* ImageFeed */,
				B333020A2AD00D5000F29F94 /* ImageFeedTests */,
				B33302142AD00D5000F29F94 /* ImageFeedUITests */,
				B33301F22AD00D4E00F29F94 /* Products */,
			);
			sourceTree = "<group>";
		};
		B33301F22AD00D4E00F29F94 /* Products */ = {
			isa = PBXGroup;
			children = (
				B33301F12AD00D4E00F29F94 /* ImageFeed.app */,
				B33302072AD00D5000F29F94 /* ImageFeedTests.xctest */,
				B33302112AD00D5000F29F94 /* ImageFeedUITests.xctest */,
			);
			name = Products;
			sourceTree = "<group>";
		};
		B33301F32AD00D4E00F29F94 /* ImageFeed */ = {
			isa = PBXGroup;
			children = (
				B397A4252AD42290002EC05D /* Helper */,
				B33301F42AD00D4E00F29F94 /* AppDelegate.swift */,
				B33301F62AD00D4E00F29F94 /* SceneDelegate.swift */,
				B341A27A2AD95972008B55D1 /* ImagesList */,
				B33301FA2AD00D4E00F29F94 /* Main.storyboard */,
				B33301FD2AD00D4F00F29F94 /* Assets.xcassets */,
				B33301FF2AD00D4F00F29F94 /* LaunchScreen.storyboard */,
				B33302022AD00D4F00F29F94 /* Info.plist */,
				B36A15912AE292B000FFB7B3 /* ProfileViewController.swift */,
			);
			path = ImageFeed;
			sourceTree = "<group>";
		};
		B333020A2AD00D5000F29F94 /* ImageFeedTests */ = {
			isa = PBXGroup;
			children = (
				B333020B2AD00D5000F29F94 /* ImageFeedTests.swift */,
			);
			path = ImageFeedTests;
			sourceTree = "<group>";
		};
		B33302142AD00D5000F29F94 /* ImageFeedUITests */ = {
			isa = PBXGroup;
			children = (
				B33302152AD00D5000F29F94 /* ImageFeedUITests.swift */,
				B33302172AD00D5000F29F94 /* ImageFeedUITestsLaunchTests.swift */,
			);
			path = ImageFeedUITests;
			sourceTree = "<group>";
		};
		B341A27A2AD95972008B55D1 /* ImagesList */ = {
			isa = PBXGroup;
			children = (
				B33301F82AD00D4E00F29F94 /* ImagesListViewController.swift */,
				B341A2782AD958DD008B55D1 /* ImagesListCell.swift */,
				B34549142AE7C59700CC7C85 /* SingleImageViewController.swift */,
			);
			path = ImagesList;
			sourceTree = "<group>";
		};
		B397A4252AD42290002EC05D /* Helper */ = {
			isa = PBXGroup;
			children = (
				B397A4262AD422B1002EC05D /* UIColor+Extensions.swift */,
				B39081572ADD56530045A42A /* Date+Extensions.swift */,
			);
			path = Helper;
			sourceTree = "<group>";
		};
/* End PBXGroup section */

/* Begin PBXNativeTarget section */
		B33301F02AD00D4E00F29F94 /* ImageFeed */ = {
			isa = PBXNativeTarget;
			buildConfigurationList = B333021B2AD00D5000F29F94 /* Build configuration list for PBXNativeTarget "ImageFeed" */;
			buildPhases = (
				B33301ED2AD00D4E00F29F94 /* Sources */,
				B33301EE2AD00D4E00F29F94 /* Frameworks */,
				B33301EF2AD00D4E00F29F94 /* Resources */,
			);
			buildRules = (
			);
			dependencies = (
			);
			name = ImageFeed;
			productName = ImageFeed;
			productReference = B33301F12AD00D4E00F29F94 /* ImageFeed.app */;
			productType = "com.apple.product-type.application";
		};
		B33302062AD00D5000F29F94 /* ImageFeedTests */ = {
			isa = PBXNativeTarget;
			buildConfigurationList = B333021E2AD00D5000F29F94 /* Build configuration list for PBXNativeTarget "ImageFeedTests" */;
			buildPhases = (
				B33302032AD00D5000F29F94 /* Sources */,
				B33302042AD00D5000F29F94 /* Frameworks */,
				B33302052AD00D5000F29F94 /* Resources */,
			);
			buildRules = (
			);
			dependencies = (
				B33302092AD00D5000F29F94 /* PBXTargetDependency */,
			);
			name = ImageFeedTests;
			productName = ImageFeedTests;
			productReference = B33302072AD00D5000F29F94 /* ImageFeedTests.xctest */;
			productType = "com.apple.product-type.bundle.unit-test";
		};
		B33302102AD00D5000F29F94 /* ImageFeedUITests */ = {
			isa = PBXNativeTarget;
			buildConfigurationList = B33302212AD00D5000F29F94 /* Build configuration list for PBXNativeTarget "ImageFeedUITests" */;
			buildPhases = (
				B333020D2AD00D5000F29F94 /* Sources */,
				B333020E2AD00D5000F29F94 /* Frameworks */,
				B333020F2AD00D5000F29F94 /* Resources */,
			);
			buildRules = (
			);
			dependencies = (
				B33302132AD00D5000F29F94 /* PBXTargetDependency */,
			);
			name = ImageFeedUITests;
			productName = ImageFeedUITests;
			productReference = B33302112AD00D5000F29F94 /* ImageFeedUITests.xctest */;
			productType = "com.apple.product-type.bundle.ui-testing";
		};
/* End PBXNativeTarget section */

/* Begin PBXProject section */
		B33301E92AD00D4E00F29F94 /* Project object */ = {
			isa = PBXProject;
			attributes = {
				BuildIndependentTargetsInParallel = 1;
				LastSwiftUpdateCheck = 1430;
				LastUpgradeCheck = 1430;
				TargetAttributes = {
					B33301F02AD00D4E00F29F94 = {
						CreatedOnToolsVersion = 14.3.1;
					};
					B33302062AD00D5000F29F94 = {
						CreatedOnToolsVersion = 14.3.1;
						TestTargetID = B33301F02AD00D4E00F29F94;
					};
					B33302102AD00D5000F29F94 = {
						CreatedOnToolsVersion = 14.3.1;
						TestTargetID = B33301F02AD00D4E00F29F94;
					};
				};
			};
			buildConfigurationList = B33301EC2AD00D4E00F29F94 /* Build configuration list for PBXProject "ImageFeed" */;
			compatibilityVersion = "Xcode 14.0";
			developmentRegion = en;
			hasScannedForEncodings = 0;
			knownRegions = (
				en,
				Base,
			);
			mainGroup = B33301E82AD00D4E00F29F94;
			productRefGroup = B33301F22AD00D4E00F29F94 /* Products */;
			projectDirPath = "";
			projectRoot = "";
			targets = (
				B33301F02AD00D4E00F29F94 /* ImageFeed */,
				B33302062AD00D5000F29F94 /* ImageFeedTests */,
				B33302102AD00D5000F29F94 /* ImageFeedUITests */,
			);
		};
/* End PBXProject section */

/* Begin PBXResourcesBuildPhase section */
		B33301EF2AD00D4E00F29F94 /* Resources */ = {
			isa = PBXResourcesBuildPhase;
			buildActionMask = 2147483647;
			files = (
				B33302012AD00D4F00F29F94 /* LaunchScreen.storyboard in Resources */,
				B33301FE2AD00D4F00F29F94 /* Assets.xcassets in Resources */,
				B33301FC2AD00D4E00F29F94 /* Main.storyboard in Resources */,
			);
			runOnlyForDeploymentPostprocessing = 0;
		};
		B33302052AD00D5000F29F94 /* Resources */ = {
			isa = PBXResourcesBuildPhase;
			buildActionMask = 2147483647;
			files = (
			);
			runOnlyForDeploymentPostprocessing = 0;
		};
		B333020F2AD00D5000F29F94 /* Resources */ = {
			isa = PBXResourcesBuildPhase;
			buildActionMask = 2147483647;
			files = (
			);
			runOnlyForDeploymentPostprocessing = 0;
		};
/* End PBXResourcesBuildPhase section */

/* Begin PBXSourcesBuildPhase section */
		B33301ED2AD00D4E00F29F94 /* Sources */ = {
			isa = PBXSourcesBuildPhase;
			buildActionMask = 2147483647;
			files = (
				B33301F92AD00D4E00F29F94 /* ImagesListViewController.swift in Sources */,
				B33301F52AD00D4E00F29F94 /* AppDelegate.swift in Sources */,
				B341A2792AD958DD008B55D1 /* ImagesListCell.swift in Sources */,
				B33301F72AD00D4E00F29F94 /* SceneDelegate.swift in Sources */,
				B36A15922AE292B000FFB7B3 /* ProfileViewController.swift in Sources */,
				B397A4272AD422B1002EC05D /* UIColor+Extensions.swift in Sources */,
				B34549152AE7C59700CC7C85 /* SingleImageViewController.swift in Sources */,
				B39081582ADD56530045A42A /* Date+Extensions.swift in Sources */,
			);
			runOnlyForDeploymentPostprocessing = 0;
		};
		B33302032AD00D5000F29F94 /* Sources */ = {
			isa = PBXSourcesBuildPhase;
			buildActionMask = 2147483647;
			files = (
				B333020C2AD00D5000F29F94 /* ImageFeedTests.swift in Sources */,
			);
			runOnlyForDeploymentPostprocessing = 0;
		};
		B333020D2AD00D5000F29F94 /* Sources */ = {
			isa = PBXSourcesBuildPhase;
			buildActionMask = 2147483647;
			files = (
				B33302182AD00D5000F29F94 /* ImageFeedUITestsLaunchTests.swift in Sources */,
				B33302162AD00D5000F29F94 /* ImageFeedUITests.swift in Sources */,
			);
			runOnlyForDeploymentPostprocessing = 0;
		};
/* End PBXSourcesBuildPhase section */

/* Begin PBXTargetDependency section */
		B33302092AD00D5000F29F94 /* PBXTargetDependency */ = {
			isa = PBXTargetDependency;
			target = B33301F02AD00D4E00F29F94 /* ImageFeed */;
			targetProxy = B33302082AD00D5000F29F94 /* PBXContainerItemProxy */;
		};
		B33302132AD00D5000F29F94 /* PBXTargetDependency */ = {
			isa = PBXTargetDependency;
			target = B33301F02AD00D4E00F29F94 /* ImageFeed */;
			targetProxy = B33302122AD00D5000F29F94 /* PBXContainerItemProxy */;
		};
/* End PBXTargetDependency section */

/* Begin PBXVariantGroup section */
		B33301FA2AD00D4E00F29F94 /* Main.storyboard */ = {
			isa = PBXVariantGroup;
			children = (
				B33301FB2AD00D4E00F29F94 /* Base */,
			);
			name = Main.storyboard;
			sourceTree = "<group>";
		};
		B33301FF2AD00D4F00F29F94 /* LaunchScreen.storyboard */ = {
			isa = PBXVariantGroup;
			children = (
				B33302002AD00D4F00F29F94 /* Base */,
			);
			name = LaunchScreen.storyboard;
			sourceTree = "<group>";
		};
/* End PBXVariantGroup section */

/* Begin XCBuildConfiguration section */
		B33302192AD00D5000F29F94 /* Debug */ = {
			isa = XCBuildConfiguration;
			buildSettings = {
				ALWAYS_SEARCH_USER_PATHS = NO;
				CLANG_ANALYZER_NONNULL = YES;
				CLANG_ANALYZER_NUMBER_OBJECT_CONVERSION = YES_AGGRESSIVE;
				CLANG_CXX_LANGUAGE_STANDARD = "gnu++20";
				CLANG_ENABLE_MODULES = YES;
				CLANG_ENABLE_OBJC_ARC = YES;
				CLANG_ENABLE_OBJC_WEAK = YES;
				CLANG_WARN_BLOCK_CAPTURE_AUTORELEASING = YES;
				CLANG_WARN_BOOL_CONVERSION = YES;
				CLANG_WARN_COMMA = YES;
				CLANG_WARN_CONSTANT_CONVERSION = YES;
				CLANG_WARN_DEPRECATED_OBJC_IMPLEMENTATIONS = YES;
				CLANG_WARN_DIRECT_OBJC_ISA_USAGE = YES_ERROR;
				CLANG_WARN_DOCUMENTATION_COMMENTS = YES;
				CLANG_WARN_EMPTY_BODY = YES;
				CLANG_WARN_ENUM_CONVERSION = YES;
				CLANG_WARN_INFINITE_RECURSION = YES;
				CLANG_WARN_INT_CONVERSION = YES;
				CLANG_WARN_NON_LITERAL_NULL_CONVERSION = YES;
				CLANG_WARN_OBJC_IMPLICIT_RETAIN_SELF = YES;
				CLANG_WARN_OBJC_LITERAL_CONVERSION = YES;
				CLANG_WARN_OBJC_ROOT_CLASS = YES_ERROR;
				CLANG_WARN_QUOTED_INCLUDE_IN_FRAMEWORK_HEADER = YES;
				CLANG_WARN_RANGE_LOOP_ANALYSIS = YES;
				CLANG_WARN_STRICT_PROTOTYPES = YES;
				CLANG_WARN_SUSPICIOUS_MOVE = YES;
				CLANG_WARN_UNGUARDED_AVAILABILITY = YES_AGGRESSIVE;
				CLANG_WARN_UNREACHABLE_CODE = YES;
				CLANG_WARN__DUPLICATE_METHOD_MATCH = YES;
				COPY_PHASE_STRIP = NO;
				DEBUG_INFORMATION_FORMAT = dwarf;
				ENABLE_STRICT_OBJC_MSGSEND = YES;
				ENABLE_TESTABILITY = YES;
				GCC_C_LANGUAGE_STANDARD = gnu11;
				GCC_DYNAMIC_NO_PIC = NO;
				GCC_NO_COMMON_BLOCKS = YES;
				GCC_OPTIMIZATION_LEVEL = 0;
				GCC_PREPROCESSOR_DEFINITIONS = (
					"DEBUG=1",
					"$(inherited)",
				);
				GCC_WARN_64_TO_32_BIT_CONVERSION = YES;
				GCC_WARN_ABOUT_RETURN_TYPE = YES_ERROR;
				GCC_WARN_UNDECLARED_SELECTOR = YES;
				GCC_WARN_UNINITIALIZED_AUTOS = YES_AGGRESSIVE;
				GCC_WARN_UNUSED_FUNCTION = YES;
				GCC_WARN_UNUSED_VARIABLE = YES;
				IPHONEOS_DEPLOYMENT_TARGET = 13.0;
				MTL_ENABLE_DEBUG_INFO = INCLUDE_SOURCE;
				MTL_FAST_MATH = YES;
				ONLY_ACTIVE_ARCH = YES;
				SDKROOT = iphoneos;
				SWIFT_ACTIVE_COMPILATION_CONDITIONS = DEBUG;
				SWIFT_OPTIMIZATION_LEVEL = "-Onone";
			};
			name = Debug;
		};
		B333021A2AD00D5000F29F94 /* Release */ = {
			isa = XCBuildConfiguration;
			buildSettings = {
				ALWAYS_SEARCH_USER_PATHS = NO;
				CLANG_ANALYZER_NONNULL = YES;
				CLANG_ANALYZER_NUMBER_OBJECT_CONVERSION = YES_AGGRESSIVE;
				CLANG_CXX_LANGUAGE_STANDARD = "gnu++20";
				CLANG_ENABLE_MODULES = YES;
				CLANG_ENABLE_OBJC_ARC = YES;
				CLANG_ENABLE_OBJC_WEAK = YES;
				CLANG_WARN_BLOCK_CAPTURE_AUTORELEASING = YES;
				CLANG_WARN_BOOL_CONVERSION = YES;
				CLANG_WARN_COMMA = YES;
				CLANG_WARN_CONSTANT_CONVERSION = YES;
				CLANG_WARN_DEPRECATED_OBJC_IMPLEMENTATIONS = YES;
				CLANG_WARN_DIRECT_OBJC_ISA_USAGE = YES_ERROR;
				CLANG_WARN_DOCUMENTATION_COMMENTS = YES;
				CLANG_WARN_EMPTY_BODY = YES;
				CLANG_WARN_ENUM_CONVERSION = YES;
				CLANG_WARN_INFINITE_RECURSION = YES;
				CLANG_WARN_INT_CONVERSION = YES;
				CLANG_WARN_NON_LITERAL_NULL_CONVERSION = YES;
				CLANG_WARN_OBJC_IMPLICIT_RETAIN_SELF = YES;
				CLANG_WARN_OBJC_LITERAL_CONVERSION = YES;
				CLANG_WARN_OBJC_ROOT_CLASS = YES_ERROR;
				CLANG_WARN_QUOTED_INCLUDE_IN_FRAMEWORK_HEADER = YES;
				CLANG_WARN_RANGE_LOOP_ANALYSIS = YES;
				CLANG_WARN_STRICT_PROTOTYPES = YES;
				CLANG_WARN_SUSPICIOUS_MOVE = YES;
				CLANG_WARN_UNGUARDED_AVAILABILITY = YES_AGGRESSIVE;
				CLANG_WARN_UNREACHABLE_CODE = YES;
				CLANG_WARN__DUPLICATE_METHOD_MATCH = YES;
				COPY_PHASE_STRIP = NO;
				DEBUG_INFORMATION_FORMAT = "dwarf-with-dsym";
				ENABLE_NS_ASSERTIONS = NO;
				ENABLE_STRICT_OBJC_MSGSEND = YES;
				GCC_C_LANGUAGE_STANDARD = gnu11;
				GCC_NO_COMMON_BLOCKS = YES;
				GCC_WARN_64_TO_32_BIT_CONVERSION = YES;
				GCC_WARN_ABOUT_RETURN_TYPE = YES_ERROR;
				GCC_WARN_UNDECLARED_SELECTOR = YES;
				GCC_WARN_UNINITIALIZED_AUTOS = YES_AGGRESSIVE;
				GCC_WARN_UNUSED_FUNCTION = YES;
				GCC_WARN_UNUSED_VARIABLE = YES;
				IPHONEOS_DEPLOYMENT_TARGET = 13.0;
				MTL_ENABLE_DEBUG_INFO = NO;
				MTL_FAST_MATH = YES;
				SDKROOT = iphoneos;
				SWIFT_COMPILATION_MODE = wholemodule;
				SWIFT_OPTIMIZATION_LEVEL = "-O";
				VALIDATE_PRODUCT = YES;
			};
			name = Release;
		};
		B333021C2AD00D5000F29F94 /* Debug */ = {
			isa = XCBuildConfiguration;
			buildSettings = {
				ASSETCATALOG_COMPILER_APPICON_NAME = AppIcon;
				ASSETCATALOG_COMPILER_GLOBAL_ACCENT_COLOR_NAME = AccentColor;
				CODE_SIGN_STYLE = Automatic;
				CURRENT_PROJECT_VERSION = 1;
				DEVELOPMENT_TEAM = ZKNWRVFLH3;
				GENERATE_INFOPLIST_FILE = YES;
				INFOPLIST_FILE = ImageFeed/Info.plist;
				INFOPLIST_KEY_UIApplicationSupportsIndirectInputEvents = YES;
				INFOPLIST_KEY_UILaunchStoryboardName = LaunchScreen;
				INFOPLIST_KEY_UIMainStoryboardFile = Main;
				INFOPLIST_KEY_UISupportedInterfaceOrientations = UIInterfaceOrientationPortrait;
				IPHONEOS_DEPLOYMENT_TARGET = 13.0;
				LD_RUNPATH_SEARCH_PATHS = (
					"$(inherited)",
					"@executable_path/Frameworks",
				);
				MARKETING_VERSION = 1.0;
				PRODUCT_BUNDLE_IDENTIFIER = ru.glazachevsasha2000.ImageFeed;
				PRODUCT_NAME = "$(TARGET_NAME)";
				SUPPORTED_PLATFORMS = "iphoneos iphonesimulator";
				SUPPORTS_MACCATALYST = NO;
				SUPPORTS_MAC_DESIGNED_FOR_IPHONE_IPAD = YES;
				SWIFT_EMIT_LOC_STRINGS = YES;
				SWIFT_VERSION = 5.0;
				TARGETED_DEVICE_FAMILY = 1;
			};
			name = Debug;
		};
		B333021D2AD00D5000F29F94 /* Release */ = {
			isa = XCBuildConfiguration;
			buildSettings = {
				ASSETCATALOG_COMPILER_APPICON_NAME = AppIcon;
				ASSETCATALOG_COMPILER_GLOBAL_ACCENT_COLOR_NAME = AccentColor;
				CODE_SIGN_STYLE = Automatic;
				CURRENT_PROJECT_VERSION = 1;
				DEVELOPMENT_TEAM = ZKNWRVFLH3;
				GENERATE_INFOPLIST_FILE = YES;
				INFOPLIST_FILE = ImageFeed/Info.plist;
				INFOPLIST_KEY_UIApplicationSupportsIndirectInputEvents = YES;
				INFOPLIST_KEY_UILaunchStoryboardName = LaunchScreen;
				INFOPLIST_KEY_UIMainStoryboardFile = Main;
				INFOPLIST_KEY_UISupportedInterfaceOrientations = UIInterfaceOrientationPortrait;
				IPHONEOS_DEPLOYMENT_TARGET = 13.0;
				LD_RUNPATH_SEARCH_PATHS = (
					"$(inherited)",
					"@executable_path/Frameworks",
				);
				MARKETING_VERSION = 1.0;
				PRODUCT_BUNDLE_IDENTIFIER = ru.glazachevsasha2000.ImageFeed;
				PRODUCT_NAME = "$(TARGET_NAME)";
				SUPPORTED_PLATFORMS = "iphoneos iphonesimulator";
				SUPPORTS_MACCATALYST = NO;
				SUPPORTS_MAC_DESIGNED_FOR_IPHONE_IPAD = YES;
				SWIFT_EMIT_LOC_STRINGS = YES;
				SWIFT_VERSION = 5.0;
				TARGETED_DEVICE_FAMILY = 1;
			};
			name = Release;
		};
		B333021F2AD00D5000F29F94 /* Debug */ = {
			isa = XCBuildConfiguration;
			buildSettings = {
				ALWAYS_EMBED_SWIFT_STANDARD_LIBRARIES = YES;
				BUNDLE_LOADER = "$(TEST_HOST)";
				CODE_SIGN_STYLE = Automatic;
				CURRENT_PROJECT_VERSION = 1;
				DEVELOPMENT_TEAM = ZKNWRVFLH3;
				GENERATE_INFOPLIST_FILE = YES;
				IPHONEOS_DEPLOYMENT_TARGET = 16.4;
				MARKETING_VERSION = 1.0;
				PRODUCT_BUNDLE_IDENTIFIER = ru.glazachevsasha2000.ImageFeedTests;
				PRODUCT_NAME = "$(TARGET_NAME)";
				SWIFT_EMIT_LOC_STRINGS = NO;
				SWIFT_VERSION = 5.0;
				TARGETED_DEVICE_FAMILY = "1,2";
				TEST_HOST = "$(BUILT_PRODUCTS_DIR)/ImageFeed.app/$(BUNDLE_EXECUTABLE_FOLDER_PATH)/ImageFeed";
			};
			name = Debug;
		};
		B33302202AD00D5000F29F94 /* Release */ = {
			isa = XCBuildConfiguration;
			buildSettings = {
				ALWAYS_EMBED_SWIFT_STANDARD_LIBRARIES = YES;
				BUNDLE_LOADER = "$(TEST_HOST)";
				CODE_SIGN_STYLE = Automatic;
				CURRENT_PROJECT_VERSION = 1;
				DEVELOPMENT_TEAM = ZKNWRVFLH3;
				GENERATE_INFOPLIST_FILE = YES;
				IPHONEOS_DEPLOYMENT_TARGET = 16.4;
				MARKETING_VERSION = 1.0;
				PRODUCT_BUNDLE_IDENTIFIER = ru.glazachevsasha2000.ImageFeedTests;
				PRODUCT_NAME = "$(TARGET_NAME)";
				SWIFT_EMIT_LOC_STRINGS = NO;
				SWIFT_VERSION = 5.0;
				TARGETED_DEVICE_FAMILY = "1,2";
				TEST_HOST = "$(BUILT_PRODUCTS_DIR)/ImageFeed.app/$(BUNDLE_EXECUTABLE_FOLDER_PATH)/ImageFeed";
			};
			name = Release;
		};
		B33302222AD00D5000F29F94 /* Debug */ = {
			isa = XCBuildConfiguration;
			buildSettings = {
				ALWAYS_EMBED_SWIFT_STANDARD_LIBRARIES = YES;
				CODE_SIGN_STYLE = Automatic;
				CURRENT_PROJECT_VERSION = 1;
				DEVELOPMENT_TEAM = ZKNWRVFLH3;
				GENERATE_INFOPLIST_FILE = YES;
				MARKETING_VERSION = 1.0;
				PRODUCT_BUNDLE_IDENTIFIER = ru.glazachevsasha2000.ImageFeedUITests;
				PRODUCT_NAME = "$(TARGET_NAME)";
				SWIFT_EMIT_LOC_STRINGS = NO;
				SWIFT_VERSION = 5.0;
				TARGETED_DEVICE_FAMILY = "1,2";
				TEST_TARGET_NAME = ImageFeed;
			};
			name = Debug;
		};
		B33302232AD00D5000F29F94 /* Release */ = {
			isa = XCBuildConfiguration;
			buildSettings = {
				ALWAYS_EMBED_SWIFT_STANDARD_LIBRARIES = YES;
				CODE_SIGN_STYLE = Automatic;
				CURRENT_PROJECT_VERSION = 1;
				DEVELOPMENT_TEAM = ZKNWRVFLH3;
				GENERATE_INFOPLIST_FILE = YES;
				MARKETING_VERSION = 1.0;
				PRODUCT_BUNDLE_IDENTIFIER = ru.glazachevsasha2000.ImageFeedUITests;
				PRODUCT_NAME = "$(TARGET_NAME)";
				SWIFT_EMIT_LOC_STRINGS = NO;
				SWIFT_VERSION = 5.0;
				TARGETED_DEVICE_FAMILY = "1,2";
				TEST_TARGET_NAME = ImageFeed;
			};
			name = Release;
		};
/* End XCBuildConfiguration section */

/* Begin XCConfigurationList section */
		B33301EC2AD00D4E00F29F94 /* Build configuration list for PBXProject "ImageFeed" */ = {
			isa = XCConfigurationList;
			buildConfigurations = (
				B33302192AD00D5000F29F94 /* Debug */,
				B333021A2AD00D5000F29F94 /* Release */,
			);
			defaultConfigurationIsVisible = 0;
			defaultConfigurationName = Release;
		};
		B333021B2AD00D5000F29F94 /* Build configuration list for PBXNativeTarget "ImageFeed" */ = {
			isa = XCConfigurationList;
			buildConfigurations = (
				B333021C2AD00D5000F29F94 /* Debug */,
				B333021D2AD00D5000F29F94 /* Release */,
			);
			defaultConfigurationIsVisible = 0;
			defaultConfigurationName = Release;
		};
		B333021E2AD00D5000F29F94 /* Build configuration list for PBXNativeTarget "ImageFeedTests" */ = {
			isa = XCConfigurationList;
			buildConfigurations = (
				B333021F2AD00D5000F29F94 /* Debug */,
				B33302202AD00D5000F29F94 /* Release */,
			);
			defaultConfigurationIsVisible = 0;
			defaultConfigurationName = Release;
		};
		B33302212AD00D5000F29F94 /* Build configuration list for PBXNativeTarget "ImageFeedUITests" */ = {
			isa = XCConfigurationList;
			buildConfigurations = (
				B33302222AD00D5000F29F94 /* Debug */,
				B33302232AD00D5000F29F94 /* Release */,
			);
			defaultConfigurationIsVisible = 0;
			defaultConfigurationName = Release;
		};
/* End XCConfigurationList section */
	};
	rootObject = B33301E92AD00D4E00F29F94 /* Project object */;
}
